PODS:
  - KIF (3.5.1):
    - KIF/Core (= 3.5.1)
  - KIF/Core (3.5.1)
  - Nimble (6.0.1)
  - Result (3.2.1)
  - SDWebImage (4.0.0):
    - SDWebImage/Core (= 4.0.0)
  - SDWebImage/Core (4.0.0)

DEPENDENCIES:
  - KIF
  - Nimble
  - Result
  - SDWebImage

SPEC CHECKSUMS:
  KIF: '082eb65279e51c3092923802849eb796a04982ab'
  Nimble: 1527fd1bd2b4cf0636251a36bc8ab37e81da8347
  Result: 2453a22e5c5b11c0c3a478736e82cd02f763b781
  SDWebImage: 76a6348bdc74eb5a55dd08a091ef298e56b55e41

PODFILE CHECKSUM: fb692584671389fa1b84a0f5975db25360a32be5

COCOAPODS: 1.2.0
