// !$*UTF8*$!
{
	archiveVersion = 1;
	classes = {
	};
	objectVersion = 46;
	objects = {

/* Begin PBXBuildFile section */
		2E74B9ED8D3DE69AD288AB05 /* Pods_GOT_Challenge_Swift.framework in Frameworks */ = {isa = PBXBuildFile; fileRef = B3DE3E02364307997573F248 /* Pods_GOT_Challenge_Swift.framework */; };
		3D86C9011ECAE88700EB7AB1 /* CharacterDAO.swift in Sources */ = {isa = PBXBuildFile; fileRef = 3D86C9001ECAE88700EB7AB1 /* CharacterDAO.swift */; };
		3D86C9041ECAEA6A00EB7AB1 /* Command.swift in Sources */ = {isa = PBXBuildFile; fileRef = 3D86C9031ECAEA6A00EB7AB1 /* Command.swift */; };
		CD1128FFE386C5E2FFAA6138 /* Pods_GOT_Challenge_SwiftTests.framework in Frameworks */ = {isa = PBXBuildFile; fileRef = 579708EB2A43EB98BD9D631D /* Pods_GOT_Challenge_SwiftTests.framework */; };
		E212E9C91E793C5D006C6DD4 /* CharacterDetailViewController.swift in Sources */ = {isa = PBXBuildFile; fileRef = E212E9C81E793C5D006C6DD4 /* CharacterDetailViewController.swift */; };
		E21D98EB1E7ABE0B00693250 /* XCTestCase.swift in Sources */ = {isa = PBXBuildFile; fileRef = E21D98EA1E7ABE0B00693250 /* XCTestCase.swift */; };
		E21D98ED1E7ABE2800693250 /* KIFTestActor.swift in Sources */ = {isa = PBXBuildFile; fileRef = E21D98EC1E7ABE2800693250 /* KIFTestActor.swift */; };
		E21D98EF1E7ABFD400693250 /* UITesting.swift in Sources */ = {isa = PBXBuildFile; fileRef = E21D98EE1E7ABFD400693250 /* UITesting.swift */; };
		E23378A01E6DF6FA00F3E36C /* Assets.xcassets in Resources */ = {isa = PBXBuildFile; fileRef = E233789F1E6DF6FA00F3E36C /* Assets.xcassets */; };
		E23687E71E6C8C7100DEDACC /* CharactersError.swift in Sources */ = {isa = PBXBuildFile; fileRef = E23687E61E6C8C7100DEDACC /* CharactersError.swift */; };
		E263F91A1E740AF300BDE31C /* CharactersGenerator.swift in Sources */ = {isa = PBXBuildFile; fileRef = E263F9191E740AF300BDE31C /* CharactersGenerator.swift */; };
		E263F91C1E74211700BDE31C /* CharacterTableViewCell.swift in Sources */ = {isa = PBXBuildFile; fileRef = E263F91B1E74211700BDE31C /* CharacterTableViewCell.swift */; };
		E263F91E1E7441BC00BDE31C /* CostumImage.swift in Sources */ = {isa = PBXBuildFile; fileRef = E263F91D1E7441BC00BDE31C /* CostumImage.swift */; };
		E2748DB61EA7879700444532 /* R.generated.swift in Sources */ = {isa = PBXBuildFile; fileRef = E2748DB51EA7879700444532 /* R.generated.swift */; };
		E2748DBC1EA7BB6D00444532 /* RouterContract.swift in Sources */ = {isa = PBXBuildFile; fileRef = E2748DBB1EA7BB6D00444532 /* RouterContract.swift */; };
		E2748DBE1EA7BBBE00444532 /* RootRouter.swift in Sources */ = {isa = PBXBuildFile; fileRef = E2748DBD1EA7BBBE00444532 /* RootRouter.swift */; };
		E2748DC01EA7BC7100444532 /* CharactersRouter.swift in Sources */ = {isa = PBXBuildFile; fileRef = E2748DBF1EA7BC7100444532 /* CharactersRouter.swift */; };
		E2748DC51EA7BD4B00444532 /* View.swift in Sources */ = {isa = PBXBuildFile; fileRef = E2748DC41EA7BD4B00444532 /* View.swift */; };
		E28B659F1E7020EA000C0401 /* Character.swift in Sources */ = {isa = PBXBuildFile; fileRef = E28B659E1E7020EA000C0401 /* Character.swift */; };
		E2A1522C1E6C3E79003B7415 /* AppDelegate.swift in Sources */ = {isa = PBXBuildFile; fileRef = E2A1522B1E6C3E79003B7415 /* AppDelegate.swift */; };
		E2A152311E6C3E79003B7415 /* GOT.storyboard in Resources */ = {isa = PBXBuildFile; fileRef = E2A1522F1E6C3E79003B7415 /* GOT.storyboard */; };
		E2A152361E6C3E79003B7415 /* LaunchScreen.storyboard in Resources */ = {isa = PBXBuildFile; fileRef = E2A152341E6C3E79003B7415 /* LaunchScreen.storyboard */; };
		E2A152411E6C3E79003B7415 /* GOT_Challenge_SwiftTests.swift in Sources */ = {isa = PBXBuildFile; fileRef = E2A152401E6C3E79003B7415 /* GOT_Challenge_SwiftTests.swift */; };
		E2A1524C1E6C3E88003B7415 /* Character.swift in Sources */ = {isa = PBXBuildFile; fileRef = E2A1524B1E6C3E88003B7415 /* Character.swift */; };
		E2A1524E1E6C4506003B7415 /* CharactersViewController.swift in Sources */ = {isa = PBXBuildFile; fileRef = E2A1524D1E6C4506003B7415 /* CharactersViewController.swift */; };
		E2A152511E6C8B1B003B7415 /* FakeCharactersAPIClient.swift in Sources */ = {isa = PBXBuildFile; fileRef = E2A152501E6C8B1B003B7415 /* FakeCharactersAPIClient.swift */; };
		E2A152531E6C8B46003B7415 /* CharactersAPIClient.swift in Sources */ = {isa = PBXBuildFile; fileRef = E2A152521E6C8B46003B7415 /* CharactersAPIClient.swift */; };
		E2D384771E75F81200010CA5 /* UIColor.swift in Sources */ = {isa = PBXBuildFile; fileRef = E2D384761E75F81200010CA5 /* UIColor.swift */; };
		E2E246EF1EA7ED5F00622D68 /* IndicatableViewExtension.swift in Sources */ = {isa = PBXBuildFile; fileRef = E2E246EE1EA7ED5F00622D68 /* IndicatableViewExtension.swift */; };
		E2E246F11EA7EE6800622D68 /* CharactersPresenter.swift in Sources */ = {isa = PBXBuildFile; fileRef = E2E246F01EA7EE6800622D68 /* CharactersPresenter.swift */; };
		E2E246F31EA7EFA000622D68 /* CharactersInteractor.swift in Sources */ = {isa = PBXBuildFile; fileRef = E2E246F21EA7EFA000622D68 /* CharactersInteractor.swift */; };
		E2E246F51EA7F1FE00622D68 /* DetailsRouter.swift in Sources */ = {isa = PBXBuildFile; fileRef = E2E246F41EA7F1FE00622D68 /* DetailsRouter.swift */; };
		E2E246F71EA7F23500622D68 /* DetailsContract.swift in Sources */ = {isa = PBXBuildFile; fileRef = E2E246F61EA7F23500622D68 /* DetailsContract.swift */; };
		E2E246F91EA7F57D00622D68 /* DetailsPresenter.swift in Sources */ = {isa = PBXBuildFile; fileRef = E2E246F81EA7F57D00622D68 /* DetailsPresenter.swift */; };
		E2F4B1E21E71F284009DC829 /* MockCharactersAPIClient.swift in Sources */ = {isa = PBXBuildFile; fileRef = E2F4B1E11E71F284009DC829 /* MockCharactersAPIClient.swift */; };
/* End PBXBuildFile section */

/* Begin PBXContainerItemProxy section */
		E2A1523D1E6C3E79003B7415 /* PBXContainerItemProxy */ = {
			isa = PBXContainerItemProxy;
			containerPortal = E2A152201E6C3E79003B7415 /* Project object */;
			proxyType = 1;
			remoteGlobalIDString = E2A152271E6C3E79003B7415;
			remoteInfo = "GOT-Challenge-Swift";
		};
/* End PBXContainerItemProxy section */

/* Begin PBXFileReference section */
		2C2BF6CC871228BC334D2133 /* Pods-GOT-Challenge-Swift.release.xcconfig */ = {isa = PBXFileReference; includeInIndex = 1; lastKnownFileType = text.xcconfig; name = "Pods-GOT-Challenge-Swift.release.xcconfig"; path = "Pods/Target Support Files/Pods-GOT-Challenge-Swift/Pods-GOT-Challenge-Swift.release.xcconfig"; sourceTree = "<group>"; };
		39DAFB8BAFE8EC548DEC5E93 /* Pods-GOT-Challenge-SwiftTests.release.xcconfig */ = {isa = PBXFileReference; includeInIndex = 1; lastKnownFileType = text.xcconfig; name = "Pods-GOT-Challenge-SwiftTests.release.xcconfig"; path = "Pods/Target Support Files/Pods-GOT-Challenge-SwiftTests/Pods-GOT-Challenge-SwiftTests.release.xcconfig"; sourceTree = "<group>"; };
		3D86C9001ECAE88700EB7AB1 /* CharacterDAO.swift */ = {isa = PBXFileReference; fileEncoding = 4; lastKnownFileType = sourcecode.swift; path = CharacterDAO.swift; sourceTree = "<group>"; };
		3D86C9031ECAEA6A00EB7AB1 /* Command.swift */ = {isa = PBXFileReference; fileEncoding = 4; lastKnownFileType = sourcecode.swift; path = Command.swift; sourceTree = "<group>"; };
		579708EB2A43EB98BD9D631D /* Pods_GOT_Challenge_SwiftTests.framework */ = {isa = PBXFileReference; explicitFileType = wrapper.framework; includeInIndex = 0; path = Pods_GOT_Challenge_SwiftTests.framework; sourceTree = BUILT_PRODUCTS_DIR; };
		A0D2E3D71C9442F351F3D3BE /* Pods-GOT-Challenge-Swift.debug.xcconfig */ = {isa = PBXFileReference; includeInIndex = 1; lastKnownFileType = text.xcconfig; name = "Pods-GOT-Challenge-Swift.debug.xcconfig"; path = "Pods/Target Support Files/Pods-GOT-Challenge-Swift/Pods-GOT-Challenge-Swift.debug.xcconfig"; sourceTree = "<group>"; };
		B3DE3E02364307997573F248 /* Pods_GOT_Challenge_Swift.framework */ = {isa = PBXFileReference; explicitFileType = wrapper.framework; includeInIndex = 0; path = Pods_GOT_Challenge_Swift.framework; sourceTree = BUILT_PRODUCTS_DIR; };
		B6E709F89D4AD02C59B9FD9A /* Pods-GOT-Challenge-SwiftTests.debug.xcconfig */ = {isa = PBXFileReference; includeInIndex = 1; lastKnownFileType = text.xcconfig; name = "Pods-GOT-Challenge-SwiftTests.debug.xcconfig"; path = "Pods/Target Support Files/Pods-GOT-Challenge-SwiftTests/Pods-GOT-Challenge-SwiftTests.debug.xcconfig"; sourceTree = "<group>"; };
		E212E9C81E793C5D006C6DD4 /* CharacterDetailViewController.swift */ = {isa = PBXFileReference; fileEncoding = 4; lastKnownFileType = sourcecode.swift; path = CharacterDetailViewController.swift; sourceTree = "<group>"; };
		E21D98EA1E7ABE0B00693250 /* XCTestCase.swift */ = {isa = PBXFileReference; fileEncoding = 4; lastKnownFileType = sourcecode.swift; path = XCTestCase.swift; sourceTree = "<group>"; };
		E21D98EC1E7ABE2800693250 /* KIFTestActor.swift */ = {isa = PBXFileReference; fileEncoding = 4; lastKnownFileType = sourcecode.swift; path = KIFTestActor.swift; sourceTree = "<group>"; };
		E21D98EE1E7ABFD400693250 /* UITesting.swift */ = {isa = PBXFileReference; fileEncoding = 4; lastKnownFileType = sourcecode.swift; path = UITesting.swift; sourceTree = "<group>"; };
		E233789F1E6DF6FA00F3E36C /* Assets.xcassets */ = {isa = PBXFileReference; lastKnownFileType = folder.assetcatalog; path = Assets.xcassets; sourceTree = "<group>"; };
		E23687E61E6C8C7100DEDACC /* CharactersError.swift */ = {isa = PBXFileReference; fileEncoding = 4; lastKnownFileType = sourcecode.swift; name = CharactersError.swift; path = ../CharactersError.swift; sourceTree = "<group>"; };
		E263F9191E740AF300BDE31C /* CharactersGenerator.swift */ = {isa = PBXFileReference; fileEncoding = 4; lastKnownFileType = sourcecode.swift; path = CharactersGenerator.swift; sourceTree = "<group>"; };
		E263F91B1E74211700BDE31C /* CharacterTableViewCell.swift */ = {isa = PBXFileReference; fileEncoding = 4; lastKnownFileType = sourcecode.swift; path = CharacterTableViewCell.swift; sourceTree = "<group>"; };
		E263F91D1E7441BC00BDE31C /* CostumImage.swift */ = {isa = PBXFileReference; fileEncoding = 4; lastKnownFileType = sourcecode.swift; path = CostumImage.swift; sourceTree = "<group>"; };
		E2748DB51EA7879700444532 /* R.generated.swift */ = {isa = PBXFileReference; fileEncoding = 4; lastKnownFileType = sourcecode.swift; path = R.generated.swift; sourceTree = "<group>"; };
		E2748DBB1EA7BB6D00444532 /* RouterContract.swift */ = {isa = PBXFileReference; fileEncoding = 4; lastKnownFileType = sourcecode.swift; path = RouterContract.swift; sourceTree = "<group>"; };
		E2748DBD1EA7BBBE00444532 /* RootRouter.swift */ = {isa = PBXFileReference; fileEncoding = 4; lastKnownFileType = sourcecode.swift; path = RootRouter.swift; sourceTree = "<group>"; };
		E2748DBF1EA7BC7100444532 /* CharactersRouter.swift */ = {isa = PBXFileReference; fileEncoding = 4; lastKnownFileType = sourcecode.swift; path = CharactersRouter.swift; sourceTree = "<group>"; };
		E2748DC41EA7BD4B00444532 /* View.swift */ = {isa = PBXFileReference; fileEncoding = 4; lastKnownFileType = sourcecode.swift; path = View.swift; sourceTree = "<group>"; };
		E28B659E1E7020EA000C0401 /* Character.swift */ = {isa = PBXFileReference; fileEncoding = 4; lastKnownFileType = sourcecode.swift; path = Character.swift; sourceTree = "<group>"; };
		E2A152281E6C3E79003B7415 /* GOT-Challenge-Swift.app */ = {isa = PBXFileReference; explicitFileType = wrapper.application; includeInIndex = 0; path = "GOT-Challenge-Swift.app"; sourceTree = BUILT_PRODUCTS_DIR; };
		E2A1522B1E6C3E79003B7415 /* AppDelegate.swift */ = {isa = PBXFileReference; lastKnownFileType = sourcecode.swift; path = AppDelegate.swift; sourceTree = "<group>"; };
		E2A152301E6C3E79003B7415 /* Base */ = {isa = PBXFileReference; lastKnownFileType = file.storyboard; name = Base; path = Base.lproj/GOT.storyboard; sourceTree = "<group>"; };
		E2A152351E6C3E79003B7415 /* Base */ = {isa = PBXFileReference; lastKnownFileType = file.storyboard; name = Base; path = Base.lproj/LaunchScreen.storyboard; sourceTree = "<group>"; };
		E2A152371E6C3E79003B7415 /* Info.plist */ = {isa = PBXFileReference; lastKnownFileType = text.plist.xml; path = Info.plist; sourceTree = "<group>"; };
		E2A1523C1E6C3E79003B7415 /* GOT-Challenge-SwiftTests.xctest */ = {isa = PBXFileReference; explicitFileType = wrapper.cfbundle; includeInIndex = 0; path = "GOT-Challenge-SwiftTests.xctest"; sourceTree = BUILT_PRODUCTS_DIR; };
		E2A152401E6C3E79003B7415 /* GOT_Challenge_SwiftTests.swift */ = {isa = PBXFileReference; lastKnownFileType = sourcecode.swift; path = GOT_Challenge_SwiftTests.swift; sourceTree = "<group>"; };
		E2A152421E6C3E79003B7415 /* Info.plist */ = {isa = PBXFileReference; lastKnownFileType = text.plist.xml; path = Info.plist; sourceTree = "<group>"; };
		E2A1524B1E6C3E88003B7415 /* Character.swift */ = {isa = PBXFileReference; fileEncoding = 4; lastKnownFileType = sourcecode.swift; path = Character.swift; sourceTree = "<group>"; };
		E2A1524D1E6C4506003B7415 /* CharactersViewController.swift */ = {isa = PBXFileReference; fileEncoding = 4; lastKnownFileType = sourcecode.swift; path = CharactersViewController.swift; sourceTree = "<group>"; };
		E2A152501E6C8B1B003B7415 /* FakeCharactersAPIClient.swift */ = {isa = PBXFileReference; fileEncoding = 4; lastKnownFileType = sourcecode.swift; path = FakeCharactersAPIClient.swift; sourceTree = "<group>"; };
		E2A152521E6C8B46003B7415 /* CharactersAPIClient.swift */ = {isa = PBXFileReference; fileEncoding = 4; lastKnownFileType = sourcecode.swift; path = CharactersAPIClient.swift; sourceTree = "<group>"; };
		E2D384761E75F81200010CA5 /* UIColor.swift */ = {isa = PBXFileReference; fileEncoding = 4; lastKnownFileType = sourcecode.swift; path = UIColor.swift; sourceTree = "<group>"; };
		E2E246EE1EA7ED5F00622D68 /* IndicatableViewExtension.swift */ = {isa = PBXFileReference; fileEncoding = 4; lastKnownFileType = sourcecode.swift; path = IndicatableViewExtension.swift; sourceTree = "<group>"; };
		E2E246F01EA7EE6800622D68 /* CharactersPresenter.swift */ = {isa = PBXFileReference; fileEncoding = 4; lastKnownFileType = sourcecode.swift; path = CharactersPresenter.swift; sourceTree = "<group>"; };
		E2E246F21EA7EFA000622D68 /* CharactersInteractor.swift */ = {isa = PBXFileReference; fileEncoding = 4; lastKnownFileType = sourcecode.swift; path = CharactersInteractor.swift; sourceTree = "<group>"; };
		E2E246F41EA7F1FE00622D68 /* DetailsRouter.swift */ = {isa = PBXFileReference; fileEncoding = 4; lastKnownFileType = sourcecode.swift; path = DetailsRouter.swift; sourceTree = "<group>"; };
		E2E246F61EA7F23500622D68 /* DetailsContract.swift */ = {isa = PBXFileReference; fileEncoding = 4; lastKnownFileType = sourcecode.swift; path = DetailsContract.swift; sourceTree = "<group>"; };
		E2E246F81EA7F57D00622D68 /* DetailsPresenter.swift */ = {isa = PBXFileReference; fileEncoding = 4; lastKnownFileType = sourcecode.swift; path = DetailsPresenter.swift; sourceTree = "<group>"; };
		E2F4B1E11E71F284009DC829 /* MockCharactersAPIClient.swift */ = {isa = PBXFileReference; fileEncoding = 4; lastKnownFileType = sourcecode.swift; path = MockCharactersAPIClient.swift; sourceTree = "<group>"; };
/* End PBXFileReference section */

/* Begin PBXFrameworksBuildPhase section */
		E2A152251E6C3E79003B7415 /* Frameworks */ = {
			isa = PBXFrameworksBuildPhase;
			buildActionMask = 2147483647;
			files = (
				2E74B9ED8D3DE69AD288AB05 /* Pods_GOT_Challenge_Swift.framework in Frameworks */,
			);
			runOnlyForDeploymentPostprocessing = 0;
		};
		E2A152391E6C3E79003B7415 /* Frameworks */ = {
			isa = PBXFrameworksBuildPhase;
			buildActionMask = 2147483647;
			files = (
				CD1128FFE386C5E2FFAA6138 /* Pods_GOT_Challenge_SwiftTests.framework in Frameworks */,
			);
			runOnlyForDeploymentPostprocessing = 0;
		};
/* End PBXFrameworksBuildPhase section */

/* Begin PBXGroup section */
		3D86C8FD1ECAE79500EB7AB1 /* List */ = {
			isa = PBXGroup;
			children = (
				E2A1524D1E6C4506003B7415 /* CharactersViewController.swift */,
				E263F91B1E74211700BDE31C /* CharacterTableViewCell.swift */,
				E2E246F01EA7EE6800622D68 /* CharactersPresenter.swift */,
				E2748DBF1EA7BC7100444532 /* CharactersRouter.swift */,
			);
			name = List;
			sourceTree = "<group>";
		};
		3D86C8FE1ECAE81F00EB7AB1 /* Models */ = {
			isa = PBXGroup;
			children = (
				E2A1524B1E6C3E88003B7415 /* Character.swift */,
			);
			name = Models;
			sourceTree = "<group>";
		};
		3D86C8FF1ECAE82B00EB7AB1 /* Interactors */ = {
			isa = PBXGroup;
			children = (
				E2E246F21EA7EFA000622D68 /* CharactersInteractor.swift */,
			);
			name = Interactors;
			sourceTree = "<group>";
		};
		3D86C9021ECAE9C600EB7AB1 /* Errors */ = {
			isa = PBXGroup;
			children = (
				E23687E61E6C8C7100DEDACC /* CharactersError.swift */,
			);
			name = Errors;
			sourceTree = "<group>";
		};
		9D685935237CED8C4B1CB524 /* Frameworks */ = {
			isa = PBXGroup;
			children = (
				B3DE3E02364307997573F248 /* Pods_GOT_Challenge_Swift.framework */,
				579708EB2A43EB98BD9D631D /* Pods_GOT_Challenge_SwiftTests.framework */,
			);
			name = Frameworks;
			sourceTree = "<group>";
		};
		E212E9CC1E7950AF006C6DD4 /* Domain */ = {
			isa = PBXGroup;
			children = (
				3D86C9021ECAE9C600EB7AB1 /* Errors */,
				3D86C8FF1ECAE82B00EB7AB1 /* Interactors */,
				3D86C8FE1ECAE81F00EB7AB1 /* Models */,
				3D86C9001ECAE88700EB7AB1 /* CharacterDAO.swift */,
			);
			name = Domain;
			sourceTree = "<group>";
		};
		E212E9CE1E795105006C6DD4 /* Persistence */ = {
			isa = PBXGroup;
			children = (
				E2A152501E6C8B1B003B7415 /* FakeCharactersAPIClient.swift */,
				E2A152521E6C8B46003B7415 /* CharactersAPIClient.swift */,
			);
			name = Persistence;
			sourceTree = "<group>";
		};
		E212E9CF1E795124006C6DD4 /* Storyboards */ = {
			isa = PBXGroup;
			children = (
				E2A1522F1E6C3E79003B7415 /* GOT.storyboard */,
				E2A152341E6C3E79003B7415 /* LaunchScreen.storyboard */,
			);
			name = Storyboards;
			sourceTree = "<group>";
		};
		E2748DB91EA7BB3100444532 /* Characters */ = {
			isa = PBXGroup;
			children = (
				E212E9CE1E795105006C6DD4 /* Persistence */,
				E212E9CC1E7950AF006C6DD4 /* Domain */,
				E2748DBA1EA7BB5600444532 /* Details */,
				3D86C8FD1ECAE79500EB7AB1 /* List */,
			);
			name = Characters;
			sourceTree = "<group>";
		};
		E2748DBA1EA7BB5600444532 /* Details */ = {
			isa = PBXGroup;
			children = (
				E212E9C81E793C5D006C6DD4 /* CharacterDetailViewController.swift */,
				E2E246F81EA7F57D00622D68 /* DetailsPresenter.swift */,
				E2E246F41EA7F1FE00622D68 /* DetailsRouter.swift */,
				E2E246F61EA7F23500622D68 /* DetailsContract.swift */,
			);
			name = Details;
			sourceTree = "<group>";
		};
		E2748DC31EA7BD3300444532 /* Base */ = {
			isa = PBXGroup;
			children = (
				E2748DBB1EA7BB6D00444532 /* RouterContract.swift */,
				E2748DBD1EA7BBBE00444532 /* RootRouter.swift */,
				E2748DC41EA7BD4B00444532 /* View.swift */,
				3D86C9031ECAEA6A00EB7AB1 /* Command.swift */,
			);
			name = Base;
			sourceTree = "<group>";
		};
		E2A1521F1E6C3E79003B7415 = {
			isa = PBXGroup;
			children = (
				E2A1522A1E6C3E79003B7415 /* GOT-Challenge-Swift */,
				E2A1523F1E6C3E79003B7415 /* GOT-Challenge-SwiftTests */,
				E2A152291E6C3E79003B7415 /* Products */,
				EEFCC71F5AA5E1B3E9C04C6C /* Pods */,
				9D685935237CED8C4B1CB524 /* Frameworks */,
			);
			sourceTree = "<group>";
		};
		E2A152291E6C3E79003B7415 /* Products */ = {
			isa = PBXGroup;
			children = (
				E2A152281E6C3E79003B7415 /* GOT-Challenge-Swift.app */,
				E2A1523C1E6C3E79003B7415 /* GOT-Challenge-SwiftTests.xctest */,
			);
			name = Products;
			sourceTree = "<group>";
		};
		E2A1522A1E6C3E79003B7415 /* GOT-Challenge-Swift */ = {
			isa = PBXGroup;
			children = (
				E2748DB91EA7BB3100444532 /* Characters */,
				E2E246ED1EA7ED4100622D68 /* Extensions */,
				E2748DC31EA7BD3300444532 /* Base */,
				E212E9CF1E795124006C6DD4 /* Storyboards */,
				E2A1522B1E6C3E79003B7415 /* AppDelegate.swift */,
				E2748DB51EA7879700444532 /* R.generated.swift */,
				E233789F1E6DF6FA00F3E36C /* Assets.xcassets */,
				E2A152371E6C3E79003B7415 /* Info.plist */,
			);
			path = "GOT-Challenge-Swift";
			sourceTree = "<group>";
		};
		E2A1523F1E6C3E79003B7415 /* GOT-Challenge-SwiftTests */ = {
			isa = PBXGroup;
			children = (
				E2A152401E6C3E79003B7415 /* GOT_Challenge_SwiftTests.swift */,
				E2F4B1E11E71F284009DC829 /* MockCharactersAPIClient.swift */,
				E2A152421E6C3E79003B7415 /* Info.plist */,
				E28B659E1E7020EA000C0401 /* Character.swift */,
				E263F9191E740AF300BDE31C /* CharactersGenerator.swift */,
				E21D98EA1E7ABE0B00693250 /* XCTestCase.swift */,
				E21D98EC1E7ABE2800693250 /* KIFTestActor.swift */,
				E21D98EE1E7ABFD400693250 /* UITesting.swift */,
			);
			path = "GOT-Challenge-SwiftTests";
			sourceTree = "<group>";
		};
		E2E246ED1EA7ED4100622D68 /* Extensions */ = {
			isa = PBXGroup;
			children = (
				E263F91D1E7441BC00BDE31C /* CostumImage.swift */,
				E2D384761E75F81200010CA5 /* UIColor.swift */,
				E2E246EE1EA7ED5F00622D68 /* IndicatableViewExtension.swift */,
			);
			name = Extensions;
			sourceTree = "<group>";
		};
		EEFCC71F5AA5E1B3E9C04C6C /* Pods */ = {
			isa = PBXGroup;
			children = (
				A0D2E3D71C9442F351F3D3BE /* Pods-GOT-Challenge-Swift.debug.xcconfig */,
				2C2BF6CC871228BC334D2133 /* Pods-GOT-Challenge-Swift.release.xcconfig */,
				B6E709F89D4AD02C59B9FD9A /* Pods-GOT-Challenge-SwiftTests.debug.xcconfig */,
				39DAFB8BAFE8EC548DEC5E93 /* Pods-GOT-Challenge-SwiftTests.release.xcconfig */,
			);
			name = Pods;
			sourceTree = "<group>";
		};
/* End PBXGroup section */

/* Begin PBXNativeTarget section */
		E2A152271E6C3E79003B7415 /* GOT-Challenge-Swift */ = {
			isa = PBXNativeTarget;
			buildConfigurationList = E2A152451E6C3E79003B7415 /* Build configuration list for PBXNativeTarget "GOT-Challenge-Swift" */;
			buildPhases = (
				B079D21BD1CE469B14F6419F /* [CP] Check Pods Manifest.lock */,
				E2A152241E6C3E79003B7415 /* Sources */,
				E2A152251E6C3E79003B7415 /* Frameworks */,
				E2A152261E6C3E79003B7415 /* Resources */,
				E7E4154984E517F4A43B7C94 /* [CP] Embed Pods Frameworks */,
				362DC2011346B94227243B5B /* [CP] Copy Pods Resources */,
				E20D49691E9A50F5007C2A7B /* Run Script */,
				E2748DB41EA7869700444532 /* ShellScript */,
			);
			buildRules = (
			);
			dependencies = (
			);
			name = "GOT-Challenge-Swift";
			productName = "GOT-Challenge-Swift";
			productReference = E2A152281E6C3E79003B7415 /* GOT-Challenge-Swift.app */;
			productType = "com.apple.product-type.application";
		};
		E2A1523B1E6C3E79003B7415 /* GOT-Challenge-SwiftTests */ = {
			isa = PBXNativeTarget;
			buildConfigurationList = E2A152481E6C3E79003B7415 /* Build configuration list for PBXNativeTarget "GOT-Challenge-SwiftTests" */;
			buildPhases = (
				06110002BE57F6E6314E70D5 /* [CP] Check Pods Manifest.lock */,
				E2A152381E6C3E79003B7415 /* Sources */,
				E2A152391E6C3E79003B7415 /* Frameworks */,
				E2A1523A1E6C3E79003B7415 /* Resources */,
				E1C34C4510C91FC2ADF49665 /* [CP] Embed Pods Frameworks */,
				1456E5C6226A95F6756E8A47 /* [CP] Copy Pods Resources */,
			);
			buildRules = (
			);
			dependencies = (
				E2A1523E1E6C3E79003B7415 /* PBXTargetDependency */,
			);
			name = "GOT-Challenge-SwiftTests";
			productName = "GOT-Challenge-SwiftTests";
			productReference = E2A1523C1E6C3E79003B7415 /* GOT-Challenge-SwiftTests.xctest */;
			productType = "com.apple.product-type.bundle.unit-test";
		};
/* End PBXNativeTarget section */

/* Begin PBXProject section */
		E2A152201E6C3E79003B7415 /* Project object */ = {
			isa = PBXProject;
			attributes = {
				LastSwiftUpdateCheck = 0820;
				LastUpgradeCheck = 0820;
				ORGANIZATIONNAME = conradomateu;
				TargetAttributes = {
					E2A152271E6C3E79003B7415 = {
						CreatedOnToolsVersion = 8.2.1;
						DevelopmentTeam = 596PS285KG;
						LastSwiftMigration = 0820;
						ProvisioningStyle = Automatic;
					};
					E2A1523B1E6C3E79003B7415 = {
						CreatedOnToolsVersion = 8.2.1;
						DevelopmentTeam = 596PS285KG;
						ProvisioningStyle = Automatic;
						TestTargetID = E2A152271E6C3E79003B7415;
					};
				};
			};
			buildConfigurationList = E2A152231E6C3E79003B7415 /* Build configuration list for PBXProject "GOT-Challenge-Swift" */;
			compatibilityVersion = "Xcode 3.2";
			developmentRegion = English;
			hasScannedForEncodings = 0;
			knownRegions = (
				en,
				Base,
			);
			mainGroup = E2A1521F1E6C3E79003B7415;
			productRefGroup = E2A152291E6C3E79003B7415 /* Products */;
			projectDirPath = "";
			projectRoot = "";
			targets = (
				E2A152271E6C3E79003B7415 /* GOT-Challenge-Swift */,
				E2A1523B1E6C3E79003B7415 /* GOT-Challenge-SwiftTests */,
			);
		};
/* End PBXProject section */

/* Begin PBXResourcesBuildPhase section */
		E2A152261E6C3E79003B7415 /* Resources */ = {
			isa = PBXResourcesBuildPhase;
			buildActionMask = 2147483647;
			files = (
				E2A152361E6C3E79003B7415 /* LaunchScreen.storyboard in Resources */,
				E23378A01E6DF6FA00F3E36C /* Assets.xcassets in Resources */,
				E2A152311E6C3E79003B7415 /* GOT.storyboard in Resources */,
			);
			runOnlyForDeploymentPostprocessing = 0;
		};
		E2A1523A1E6C3E79003B7415 /* Resources */ = {
			isa = PBXResourcesBuildPhase;
			buildActionMask = 2147483647;
			files = (
			);
			runOnlyForDeploymentPostprocessing = 0;
		};
/* End PBXResourcesBuildPhase section */

/* Begin PBXShellScriptBuildPhase section */
		06110002BE57F6E6314E70D5 /* [CP] Check Pods Manifest.lock */ = {
			isa = PBXShellScriptBuildPhase;
			buildActionMask = 2147483647;
			files = (
			);
			inputPaths = (
			);
			name = "[CP] Check Pods Manifest.lock";
			outputPaths = (
			);
			runOnlyForDeploymentPostprocessing = 0;
			shellPath = /bin/sh;
			shellScript = "diff \"${PODS_PODFILE_DIR_PATH}/Podfile.lock\" \"${PODS_ROOT}/Manifest.lock\" > /dev/null\nif [ $? != 0 ] ; then\n    # print error to STDERR\n    echo \"error: The sandbox is not in sync with the Podfile.lock. Run 'pod install' or update your CocoaPods installation.\" >&2\n    exit 1\nfi\n";
			showEnvVarsInLog = 0;
		};
		1456E5C6226A95F6756E8A47 /* [CP] Copy Pods Resources */ = {
			isa = PBXShellScriptBuildPhase;
			buildActionMask = 2147483647;
			files = (
			);
			inputPaths = (
			);
			name = "[CP] Copy Pods Resources";
			outputPaths = (
			);
			runOnlyForDeploymentPostprocessing = 0;
			shellPath = /bin/sh;
			shellScript = "\"${SRCROOT}/Pods/Target Support Files/Pods-GOT-Challenge-SwiftTests/Pods-GOT-Challenge-SwiftTests-resources.sh\"\n";
			showEnvVarsInLog = 0;
		};
		362DC2011346B94227243B5B /* [CP] Copy Pods Resources */ = {
			isa = PBXShellScriptBuildPhase;
			buildActionMask = 2147483647;
			files = (
			);
			inputPaths = (
			);
			name = "[CP] Copy Pods Resources";
			outputPaths = (
			);
			runOnlyForDeploymentPostprocessing = 0;
			shellPath = /bin/sh;
			shellScript = "\"${SRCROOT}/Pods/Target Support Files/Pods-GOT-Challenge-Swift/Pods-GOT-Challenge-Swift-resources.sh\"\n";
			showEnvVarsInLog = 0;
		};
		B079D21BD1CE469B14F6419F /* [CP] Check Pods Manifest.lock */ = {
			isa = PBXShellScriptBuildPhase;
			buildActionMask = 2147483647;
			files = (
			);
			inputPaths = (
			);
			name = "[CP] Check Pods Manifest.lock";
			outputPaths = (
			);
			runOnlyForDeploymentPostprocessing = 0;
			shellPath = /bin/sh;
			shellScript = "diff \"${PODS_PODFILE_DIR_PATH}/Podfile.lock\" \"${PODS_ROOT}/Manifest.lock\" > /dev/null\nif [ $? != 0 ] ; then\n    # print error to STDERR\n    echo \"error: The sandbox is not in sync with the Podfile.lock. Run 'pod install' or update your CocoaPods installation.\" >&2\n    exit 1\nfi\n";
			showEnvVarsInLog = 0;
		};
		E1C34C4510C91FC2ADF49665 /* [CP] Embed Pods Frameworks */ = {
			isa = PBXShellScriptBuildPhase;
			buildActionMask = 2147483647;
			files = (
			);
			inputPaths = (
			);
			name = "[CP] Embed Pods Frameworks";
			outputPaths = (
			);
			runOnlyForDeploymentPostprocessing = 0;
			shellPath = /bin/sh;
			shellScript = "\"${SRCROOT}/Pods/Target Support Files/Pods-GOT-Challenge-SwiftTests/Pods-GOT-Challenge-SwiftTests-frameworks.sh\"\n";
			showEnvVarsInLog = 0;
		};
		E20D49691E9A50F5007C2A7B /* Run Script */ = {
			isa = PBXShellScriptBuildPhase;
			buildActionMask = 2147483647;
			files = (
			);
			inputPaths = (
			);
			name = "Run Script";
			outputPaths = (
			);
			runOnlyForDeploymentPostprocessing = 0;
			shellPath = /bin/sh;
			shellScript = "";
		};
		E2748DB41EA7869700444532 /* ShellScript */ = {
			isa = PBXShellScriptBuildPhase;
			buildActionMask = 2147483647;
			files = (
			);
			inputPaths = (
			);
			outputPaths = (
			);
			runOnlyForDeploymentPostprocessing = 0;
			shellPath = /bin/sh;
			shellScript = "\"$PODS_ROOT/R.swift/rswift\" \"$SRCROOT\"\n";
		};
		E7E4154984E517F4A43B7C94 /* [CP] Embed Pods Frameworks */ = {
			isa = PBXShellScriptBuildPhase;
			buildActionMask = 2147483647;
			files = (
			);
			inputPaths = (
			);
			name = "[CP] Embed Pods Frameworks";
			outputPaths = (
			);
			runOnlyForDeploymentPostprocessing = 0;
			shellPath = /bin/sh;
			shellScript = "\"${SRCROOT}/Pods/Target Support Files/Pods-GOT-Challenge-Swift/Pods-GOT-Challenge-Swift-frameworks.sh\"\n";
			showEnvVarsInLog = 0;
		};
/* End PBXShellScriptBuildPhase section */

/* Begin PBXSourcesBuildPhase section */
		E2A152241E6C3E79003B7415 /* Sources */ = {
			isa = PBXSourcesBuildPhase;
			buildActionMask = 2147483647;
			files = (
				E2748DC51EA7BD4B00444532 /* View.swift in Sources */,
				E212E9C91E793C5D006C6DD4 /* CharacterDetailViewController.swift in Sources */,
				E2A1524E1E6C4506003B7415 /* CharactersViewController.swift in Sources */,
				E263F91E1E7441BC00BDE31C /* CostumImage.swift in Sources */,
				E2E246F91EA7F57D00622D68 /* DetailsPresenter.swift in Sources */,
				E2E246F31EA7EFA000622D68 /* CharactersInteractor.swift in Sources */,
				3D86C9011ECAE88700EB7AB1 /* CharacterDAO.swift in Sources */,
				E2748DBE1EA7BBBE00444532 /* RootRouter.swift in Sources */,
				E2E246EF1EA7ED5F00622D68 /* IndicatableViewExtension.swift in Sources */,
				E2A1524C1E6C3E88003B7415 /* Character.swift in Sources */,
				E2E246F11EA7EE6800622D68 /* CharactersPresenter.swift in Sources */,
				E23687E71E6C8C7100DEDACC /* CharactersError.swift in Sources */,
				E2A152511E6C8B1B003B7415 /* FakeCharactersAPIClient.swift in Sources */,
				E2748DBC1EA7BB6D00444532 /* RouterContract.swift in Sources */,
				E2E246F51EA7F1FE00622D68 /* DetailsRouter.swift in Sources */,
				E2A1522C1E6C3E79003B7415 /* AppDelegate.swift in Sources */,
				E2A152531E6C8B46003B7415 /* CharactersAPIClient.swift in Sources */,
				E263F91C1E74211700BDE31C /* CharacterTableViewCell.swift in Sources */,
				E2748DB61EA7879700444532 /* R.generated.swift in Sources */,
				E2E246F71EA7F23500622D68 /* DetailsContract.swift in Sources */,
				E2748DC01EA7BC7100444532 /* CharactersRouter.swift in Sources */,
				E2D384771E75F81200010CA5 /* UIColor.swift in Sources */,
				3D86C9041ECAEA6A00EB7AB1 /* Command.swift in Sources */,
			);
			runOnlyForDeploymentPostprocessing = 0;
		};
		E2A152381E6C3E79003B7415 /* Sources */ = {
			isa = PBXSourcesBuildPhase;
			buildActionMask = 2147483647;
			files = (
				E21D98ED1E7ABE2800693250 /* KIFTestActor.swift in Sources */,
				E21D98EB1E7ABE0B00693250 /* XCTestCase.swift in Sources */,
				E2A152411E6C3E79003B7415 /* GOT_Challenge_SwiftTests.swift in Sources */,
				E28B659F1E7020EA000C0401 /* Character.swift in Sources */,
				E21D98EF1E7ABFD400693250 /* UITesting.swift in Sources */,
				E2F4B1E21E71F284009DC829 /* MockCharactersAPIClient.swift in Sources */,
				E263F91A1E740AF300BDE31C /* CharactersGenerator.swift in Sources */,
			);
			runOnlyForDeploymentPostprocessing = 0;
		};
/* End PBXSourcesBuildPhase section */

/* Begin PBXTargetDependency section */
		E2A1523E1E6C3E79003B7415 /* PBXTargetDependency */ = {
			isa = PBXTargetDependency;
			target = E2A152271E6C3E79003B7415 /* GOT-Challenge-Swift */;
			targetProxy = E2A1523D1E6C3E79003B7415 /* PBXContainerItemProxy */;
		};
/* End PBXTargetDependency section */

/* Begin PBXVariantGroup section */
		E2A1522F1E6C3E79003B7415 /* GOT.storyboard */ = {
			isa = PBXVariantGroup;
			children = (
				E2A152301E6C3E79003B7415 /* Base */,
			);
			name = GOT.storyboard;
			sourceTree = "<group>";
		};
		E2A152341E6C3E79003B7415 /* LaunchScreen.storyboard */ = {
			isa = PBXVariantGroup;
			children = (
				E2A152351E6C3E79003B7415 /* Base */,
			);
			name = LaunchScreen.storyboard;
			sourceTree = "<group>";
		};
/* End PBXVariantGroup section */

/* Begin XCBuildConfiguration section */
		E2A152431E6C3E79003B7415 /* Debug */ = {
			isa = XCBuildConfiguration;
			buildSettings = {
				ALWAYS_SEARCH_USER_PATHS = NO;
				CLANG_ANALYZER_NONNULL = YES;
				CLANG_CXX_LANGUAGE_STANDARD = "gnu++0x";
				CLANG_CXX_LIBRARY = "libc++";
				CLANG_ENABLE_MODULES = YES;
				CLANG_ENABLE_OBJC_ARC = YES;
				CLANG_WARN_BOOL_CONVERSION = YES;
				CLANG_WARN_CONSTANT_CONVERSION = YES;
				CLANG_WARN_DIRECT_OBJC_ISA_USAGE = YES_ERROR;
				CLANG_WARN_DOCUMENTATION_COMMENTS = YES;
				CLANG_WARN_EMPTY_BODY = YES;
				CLANG_WARN_ENUM_CONVERSION = YES;
				CLANG_WARN_INFINITE_RECURSION = YES;
				CLANG_WARN_INT_CONVERSION = YES;
				CLANG_WARN_OBJC_ROOT_CLASS = YES_ERROR;
				CLANG_WARN_SUSPICIOUS_MOVE = YES;
				CLANG_WARN_UNREACHABLE_CODE = YES;
				CLANG_WARN__DUPLICATE_METHOD_MATCH = YES;
				"CODE_SIGN_IDENTITY[sdk=iphoneos*]" = "iPhone Developer";
				COPY_PHASE_STRIP = NO;
				DEBUG_INFORMATION_FORMAT = dwarf;
				ENABLE_STRICT_OBJC_MSGSEND = YES;
				ENABLE_TESTABILITY = YES;
				GCC_C_LANGUAGE_STANDARD = gnu99;
				GCC_DYNAMIC_NO_PIC = NO;
				GCC_NO_COMMON_BLOCKS = YES;
				GCC_OPTIMIZATION_LEVEL = 0;
				GCC_PREPROCESSOR_DEFINITIONS = (
					"DEBUG=1",
					"$(inherited)",
				);
				GCC_WARN_64_TO_32_BIT_CONVERSION = YES;
				GCC_WARN_ABOUT_RETURN_TYPE = YES_ERROR;
				GCC_WARN_UNDECLARED_SELECTOR = YES;
				GCC_WARN_UNINITIALIZED_AUTOS = YES_AGGRESSIVE;
				GCC_WARN_UNUSED_FUNCTION = YES;
				GCC_WARN_UNUSED_VARIABLE = YES;
				IPHONEOS_DEPLOYMENT_TARGET = 10.2;
				MTL_ENABLE_DEBUG_INFO = YES;
				ONLY_ACTIVE_ARCH = YES;
				SDKROOT = iphoneos;
				SWIFT_ACTIVE_COMPILATION_CONDITIONS = DEBUG;
				SWIFT_INSTALL_OBJC_HEADER = YES;
				SWIFT_OPTIMIZATION_LEVEL = "-Onone";
			};
			name = Debug;
		};
		E2A152441E6C3E79003B7415 /* Release */ = {
			isa = XCBuildConfiguration;
			buildSettings = {
				ALWAYS_SEARCH_USER_PATHS = NO;
				CLANG_ANALYZER_NONNULL = YES;
				CLANG_CXX_LANGUAGE_STANDARD = "gnu++0x";
				CLANG_CXX_LIBRARY = "libc++";
				CLANG_ENABLE_MODULES = YES;
				CLANG_ENABLE_OBJC_ARC = YES;
				CLANG_WARN_BOOL_CONVERSION = YES;
				CLANG_WARN_CONSTANT_CONVERSION = YES;
				CLANG_WARN_DIRECT_OBJC_ISA_USAGE = YES_ERROR;
				CLANG_WARN_DOCUMENTATION_COMMENTS = YES;
				CLANG_WARN_EMPTY_BODY = YES;
				CLANG_WARN_ENUM_CONVERSION = YES;
				CLANG_WARN_INFINITE_RECURSION = YES;
				CLANG_WARN_INT_CONVERSION = YES;
				CLANG_WARN_OBJC_ROOT_CLASS = YES_ERROR;
				CLANG_WARN_SUSPICIOUS_MOVE = YES;
				CLANG_WARN_UNREACHABLE_CODE = YES;
				CLANG_WARN__DUPLICATE_METHOD_MATCH = YES;
				"CODE_SIGN_IDENTITY[sdk=iphoneos*]" = "iPhone Developer";
				COPY_PHASE_STRIP = NO;
				DEBUG_INFORMATION_FORMAT = "dwarf-with-dsym";
				ENABLE_NS_ASSERTIONS = NO;
				ENABLE_STRICT_OBJC_MSGSEND = YES;
				GCC_C_LANGUAGE_STANDARD = gnu99;
				GCC_NO_COMMON_BLOCKS = YES;
				GCC_WARN_64_TO_32_BIT_CONVERSION = YES;
				GCC_WARN_ABOUT_RETURN_TYPE = YES_ERROR;
				GCC_WARN_UNDECLARED_SELECTOR = YES;
				GCC_WARN_UNINITIALIZED_AUTOS = YES_AGGRESSIVE;
				GCC_WARN_UNUSED_FUNCTION = YES;
				GCC_WARN_UNUSED_VARIABLE = YES;
				IPHONEOS_DEPLOYMENT_TARGET = 10.2;
				MTL_ENABLE_DEBUG_INFO = NO;
				SDKROOT = iphoneos;
				SWIFT_INSTALL_OBJC_HEADER = YES;
				SWIFT_OPTIMIZATION_LEVEL = "-Owholemodule";
				VALIDATE_PRODUCT = YES;
			};
			name = Release;
		};
		E2A152461E6C3E79003B7415 /* Debug */ = {
			isa = XCBuildConfiguration;
			baseConfigurationReference = A0D2E3D71C9442F351F3D3BE /* Pods-GOT-Challenge-Swift.debug.xcconfig */;
			buildSettings = {
				ALWAYS_EMBED_SWIFT_STANDARD_LIBRARIES = "$(inherited)";
				ASSETCATALOG_COMPILER_APPICON_NAME = AppIcon;
				CLANG_ENABLE_MODULES = YES;
				DEVELOPMENT_TEAM = 596PS285KG;
				INFOPLIST_FILE = "GOT-Challenge-Swift/Info.plist";
				LD_RUNPATH_SEARCH_PATHS = "$(inherited) @executable_path/Frameworks";
				OTHER_LDFLAGS = "$(inherited)";
				PRODUCT_BUNDLE_IDENTIFIER = "com.conradomateu.GOT-Challenge-Swift";
				PRODUCT_NAME = "$(TARGET_NAME)";
				SWIFT_OPTIMIZATION_LEVEL = "-Onone";
				SWIFT_VERSION = 3.0;
				TARGETED_DEVICE_FAMILY = "1,2";
			};
			name = Debug;
		};
		E2A152471E6C3E79003B7415 /* Release */ = {
			isa = XCBuildConfiguration;
			baseConfigurationReference = 2C2BF6CC871228BC334D2133 /* Pods-GOT-Challenge-Swift.release.xcconfig */;
			buildSettings = {
				ALWAYS_EMBED_SWIFT_STANDARD_LIBRARIES = "$(inherited)";
				ASSETCATALOG_COMPILER_APPICON_NAME = AppIcon;
				CLANG_ENABLE_MODULES = YES;
				DEVELOPMENT_TEAM = 596PS285KG;
				INFOPLIST_FILE = "GOT-Challenge-Swift/Info.plist";
				LD_RUNPATH_SEARCH_PATHS = "$(inherited) @executable_path/Frameworks";
				OTHER_LDFLAGS = "$(inherited)";
				PRODUCT_BUNDLE_IDENTIFIER = "com.conradomateu.GOT-Challenge-Swift";
				PRODUCT_NAME = "$(TARGET_NAME)";
				SWIFT_VERSION = 3.0;
				TARGETED_DEVICE_FAMILY = "1,2";
			};
			name = Release;
		};
		E2A152491E6C3E79003B7415 /* Debug */ = {
			isa = XCBuildConfiguration;
			baseConfigurationReference = B6E709F89D4AD02C59B9FD9A /* Pods-GOT-Challenge-SwiftTests.debug.xcconfig */;
			buildSettings = {
				ALWAYS_EMBED_SWIFT_STANDARD_LIBRARIES = "$(inherited)";
				BUNDLE_LOADER = "$(TEST_HOST)";
				DEVELOPMENT_TEAM = 596PS285KG;
				INFOPLIST_FILE = "GOT-Challenge-SwiftTests/Info.plist";
				LD_RUNPATH_SEARCH_PATHS = "$(inherited) @executable_path/Frameworks @loader_path/Frameworks";
				PRODUCT_BUNDLE_IDENTIFIER = "com.conradomateu.GOT-Challenge-SwiftTests";
				PRODUCT_NAME = "$(TARGET_NAME)";
				SWIFT_VERSION = 3.0;
				TEST_HOST = "$(BUILT_PRODUCTS_DIR)/GOT-Challenge-Swift.app/GOT-Challenge-Swift";
			};
			name = Debug;
		};
		E2A1524A1E6C3E79003B7415 /* Release */ = {
			isa = XCBuildConfiguration;
			baseConfigurationReference = 39DAFB8BAFE8EC548DEC5E93 /* Pods-GOT-Challenge-SwiftTests.release.xcconfig */;
			buildSettings = {
				ALWAYS_EMBED_SWIFT_STANDARD_LIBRARIES = "$(inherited)";
				BUNDLE_LOADER = "$(TEST_HOST)";
				DEVELOPMENT_TEAM = 596PS285KG;
				INFOPLIST_FILE = "GOT-Challenge-SwiftTests/Info.plist";
				LD_RUNPATH_SEARCH_PATHS = "$(inherited) @executable_path/Frameworks @loader_path/Frameworks";
				PRODUCT_BUNDLE_IDENTIFIER = "com.conradomateu.GOT-Challenge-SwiftTests";
				PRODUCT_NAME = "$(TARGET_NAME)";
				SWIFT_VERSION = 3.0;
				TEST_HOST = "$(BUILT_PRODUCTS_DIR)/GOT-Challenge-Swift.app/GOT-Challenge-Swift";
			};
			name = Release;
		};
/* End XCBuildConfiguration section */

/* Begin XCConfigurationList section */
		E2A152231E6C3E79003B7415 /* Build configuration list for PBXProject "GOT-Challenge-Swift" */ = {
			isa = XCConfigurationList;
			buildConfigurations = (
				E2A152431E6C3E79003B7415 /* Debug */,
				E2A152441E6C3E79003B7415 /* Release */,
			);
			defaultConfigurationIsVisible = 0;
			defaultConfigurationName = Release;
		};
		E2A152451E6C3E79003B7415 /* Build configuration list for PBXNativeTarget "GOT-Challenge-Swift" */ = {
			isa = XCConfigurationList;
			buildConfigurations = (
				E2A152461E6C3E79003B7415 /* Debug */,
				E2A152471E6C3E79003B7415 /* Release */,
			);
			defaultConfigurationIsVisible = 0;
			defaultConfigurationName = Release;
		};
		E2A152481E6C3E79003B7415 /* Build configuration list for PBXNativeTarget "GOT-Challenge-SwiftTests" */ = {
			isa = XCConfigurationList;
			buildConfigurations = (
				E2A152491E6C3E79003B7415 /* Debug */,
				E2A1524A1E6C3E79003B7415 /* Release */,
			);
			defaultConfigurationIsVisible = 0;
			defaultConfigurationName = Release;
		};
/* End XCConfigurationList section */
	};
	rootObject = E2A152201E6C3E79003B7415 /* Project object */;
}
